// !$*UTF8*$!
{
	archiveVersion = 1;
	classes = {
	};
	objectVersion = 56;
	objects = {

/* Begin PBXBuildFile section */
		E4554F8B2AC3E9CA00644AB6 /* ProIPhone_Ch07_SharingDataBetweenStructuresApp.swift in Sources */ = {isa = PBXBuildFile; fileRef = E4554F8A2AC3E9CA00644AB6 /* ProIPhone_Ch07_SharingDataBetweenStructuresApp.swift */; };
		E4554F8D2AC3E9CA00644AB6 /* ContentView.swift in Sources */ = {isa = PBXBuildFile; fileRef = E4554F8C2AC3E9CA00644AB6 /* ContentView.swift */; };
		E4554F8F2AC3E9CE00644AB6 /* Assets.xcassets in Resources */ = {isa = PBXBuildFile; fileRef = E4554F8E2AC3E9CE00644AB6 /* Assets.xcassets */; };
		E4554F922AC3E9CE00644AB6 /* Preview Assets.xcassets in Resources */ = {isa = PBXBuildFile; fileRef = E4554F912AC3E9CE00644AB6 /* Preview Assets.xcassets */; };
		E4554F992AC3EB0C00644AB6 /* RandomBackgroundColor.swift in Sources */ = {isa = PBXBuildFile; fileRef = E4554F982AC3EB0C00644AB6 /* RandomBackgroundColor.swift */; };
		E4554F9B2AC3EDD600644AB6 /* StateAndBinding.swift in Sources */ = {isa = PBXBuildFile; fileRef = E4554F9A2AC3EDD600644AB6 /* StateAndBinding.swift */; };
		E4554F9D2AC3EE8F00644AB6 /* DisplayTextField.swift in Sources */ = {isa = PBXBuildFile; fileRef = E4554F9C2AC3EE8F00644AB6 /* DisplayTextField.swift */; };
		E4554F9F2AC3FF2C00644AB6 /* StateObjectandObservedObject.swift in Sources */ = {isa = PBXBuildFile; fileRef = E4554F9E2AC3FF2C00644AB6 /* StateObjectandObservedObject.swift */; };
		E4554FA12AC403B000644AB6 /* EnvironmentObjectView.swift in Sources */ = {isa = PBXBuildFile; fileRef = E4554FA02AC403B000644AB6 /* EnvironmentObjectView.swift */; };
/* End PBXBuildFile section */

/* Begin PBXFileReference section */
		E4554F872AC3E9CA00644AB6 /* ProIPhone_Ch07_SharingDataBetweenStructures.app */ = {isa = PBXFileReference; explicitFileType = wrapper.application; includeInIndex = 0; path = ProIPhone_Ch07_SharingDataBetweenStructures.app; sourceTree = BUILT_PRODUCTS_DIR; };
		E4554F8A2AC3E9CA00644AB6 /* ProIPhone_Ch07_SharingDataBetweenStructuresApp.swift */ = {isa = PBXFileReference; lastKnownFileType = sourcecode.swift; path = ProIPhone_Ch07_SharingDataBetweenStructuresApp.swift; sourceTree = "<group>"; };
		E4554F8C2AC3E9CA00644AB6 /* ContentView.swift */ = {isa = PBXFileReference; lastKnownFileType = sourcecode.swift; path = ContentView.swift; sourceTree = "<group>"; };
		E4554F8E2AC3E9CE00644AB6 /* Assets.xcassets */ = {isa = PBXFileReference; lastKnownFileType = folder.assetcatalog; path = Assets.xcassets; sourceTree = "<group>"; };
		E4554F912AC3E9CE00644AB6 /* Preview Assets.xcassets */ = {isa = PBXFileReference; lastKnownFileType = folder.assetcatalog; path = "Preview Assets.xcassets"; sourceTree = "<group>"; };
		E4554F982AC3EB0C00644AB6 /* RandomBackgroundColor.swift */ = {isa = PBXFileReference; lastKnownFileType = sourcecode.swift; path = RandomBackgroundColor.swift; sourceTree = "<group>"; };
		E4554F9A2AC3EDD600644AB6 /* StateAndBinding.swift */ = {isa = PBXFileReference; lastKnownFileType = sourcecode.swift; path = StateAndBinding.swift; sourceTree = "<group>"; };
		E4554F9C2AC3EE8F00644AB6 /* DisplayTextField.swift */ = {isa = PBXFileReference; lastKnownFileType = sourcecode.swift; path = DisplayTextField.swift; sourceTree = "<group>"; };
		E4554F9E2AC3FF2C00644AB6 /* StateObjectandObservedObject.swift */ = {isa = PBXFileReference; lastKnownFileType = sourcecode.swift; path = StateObjectandObservedObject.swift; sourceTree = "<group>"; };
		E4554FA02AC403B000644AB6 /* EnvironmentObjectView.swift */ = {isa = PBXFileReference; lastKnownFileType = sourcecode.swift; path = EnvironmentObjectView.swift; sourceTree = "<group>"; };
/* End PBXFileReference section */

/* Begin PBXFrameworksBuildPhase section */
		E4554F842AC3E9CA00644AB6 /* Frameworks */ = {
			isa = PBXFrameworksBuildPhase;
			buildActionMask = 2147483647;
			files = (
			);
			runOnlyForDeploymentPostprocessing = 0;
		};
/* End PBXFrameworksBuildPhase section */

/* Begin PBXGroup section */
		E4554F7E2AC3E9CA00644AB6 = {
			isa = PBXGroup;
			children = (
				E4554F892AC3E9CA00644AB6 /* ProIPhone_Ch07_SharingDataBetweenStructures */,
				E4554F882AC3E9CA00644AB6 /* Products */,
			);
			sourceTree = "<group>";
		};
		E4554F882AC3E9CA00644AB6 /* Products */ = {
			isa = PBXGroup;
			children = (
				E4554F872AC3E9CA00644AB6 /* ProIPhone_Ch07_SharingDataBetweenStructures.app */,
			);
			name = Products;
			sourceTree = "<group>";
		};
		E4554F892AC3E9CA00644AB6 /* ProIPhone_Ch07_SharingDataBetweenStructures */ = {
			isa = PBXGroup;
			children = (
				E4554F8A2AC3E9CA00644AB6 /* ProIPhone_Ch07_SharingDataBetweenStructuresApp.swift */,
				E4554F8C2AC3E9CA00644AB6 /* ContentView.swift */,
				E4554F982AC3EB0C00644AB6 /* RandomBackgroundColor.swift */,
				E4554F9A2AC3EDD600644AB6 /* StateAndBinding.swift */,
				E4554F9C2AC3EE8F00644AB6 /* DisplayTextField.swift */,
				E4554F9E2AC3FF2C00644AB6 /* StateObjectandObservedObject.swift */,
				E4554FA02AC403B000644AB6 /* EnvironmentObjectView.swift */,
				E4554F8E2AC3E9CE00644AB6 /* Assets.xcassets */,
				E4554F902AC3E9CE00644AB6 /* Preview Content */,
			);
			path = ProIPhone_Ch07_SharingDataBetweenStructures;
			sourceTree = "<group>";
		};
		E4554F902AC3E9CE00644AB6 /* Preview Content */ = {
			isa = PBXGroup;
			children = (
				E4554F912AC3E9CE00644AB6 /* Preview Assets.xcassets */,
			);
			path = "Preview Content";
			sourceTree = "<group>";
		};
/* End PBXGroup section */

/* Begin PBXNativeTarget section */
		E4554F862AC3E9CA00644AB6 /* ProIPhone_Ch07_SharingDataBetweenStructures */ = {
			isa = PBXNativeTarget;
			buildConfigurationList = E4554F952AC3E9CE00644AB6 /* Build configuration list for PBXNativeTarget "ProIPhone_Ch07_SharingDataBetweenStructures" */;
			buildPhases = (
				E4554F832AC3E9CA00644AB6 /* Sources */,
				E4554F842AC3E9CA00644AB6 /* Frameworks */,
				E4554F852AC3E9CA00644AB6 /* Resources */,
			);
			buildRules = (
			);
			dependencies = (
			);
			name = ProIPhone_Ch07_SharingDataBetweenStructures;
			productName = ProIPhone_Ch07_SharingDataBetweenStructures;
			productReference = E4554F872AC3E9CA00644AB6 /* ProIPhone_Ch07_SharingDataBetweenStructures.app */;
			productType = "com.apple.product-type.application";
		};
/* End PBXNativeTarget section */

/* Begin PBXProject section */
		E4554F7F2AC3E9CA00644AB6 /* Project object */ = {
			isa = PBXProject;
			attributes = {
				BuildIndependentTargetsInParallel = 1;
				LastSwiftUpdateCheck = 1430;
				LastUpgradeCheck = 1430;
				TargetAttributes = {
					E4554F862AC3E9CA00644AB6 = {
						CreatedOnToolsVersion = 14.3.1;
					};
				};
			};
			buildConfigurationList = E4554F822AC3E9CA00644AB6 /* Build configuration list for PBXProject "ProIPhone_Ch07_SharingDataBetweenStructures" */;
			compatibilityVersion = "Xcode 14.0";
			developmentRegion = en;
			hasScannedForEncodings = 0;
			knownRegions = (
				en,
				Base,
			);
			mainGroup = E4554F7E2AC3E9CA00644AB6;
			productRefGroup = E4554F882AC3E9CA00644AB6 /* Products */;
			projectDirPath = "";
			projectRoot = "";
			targets = (
				E4554F862AC3E9CA00644AB6 /* ProIPhone_Ch07_SharingDataBetweenStructures */,
			);
		};
/* End PBXProject section */

/* Begin PBXResourcesBuildPhase section */
		E4554F852AC3E9CA00644AB6 /* Resources */ = {
			isa = PBXResourcesBuildPhase;
			buildActionMask = 2147483647;
			files = (
				E4554F922AC3E9CE00644AB6 /* Preview Assets.xcassets in Resources */,
				E4554F8F2AC3E9CE00644AB6 /* Assets.xcassets in Resources */,
			);
			runOnlyForDeploymentPostprocessing = 0;
		};
/* End PBXResourcesBuildPhase section */

/* Begin PBXSourcesBuildPhase section */
		E4554F832AC3E9CA00644AB6 /* Sources */ = {
			isa = PBXSourcesBuildPhase;
			buildActionMask = 2147483647;
			files = (
				E4554F9D2AC3EE8F00644AB6 /* DisplayTextField.swift in Sources */,
				E4554F8D2AC3E9CA00644AB6 /* ContentView.swift in Sources */,
				E4554F8B2AC3E9CA00644AB6 /* ProIPhone_Ch07_SharingDataBetweenStructuresApp.swift in Sources */,
				E4554F992AC3EB0C00644AB6 /* RandomBackgroundColor.swift in Sources */,
				E4554F9B2AC3EDD600644AB6 /* StateAndBinding.swift in Sources */,
				E4554F9F2AC3FF2C00644AB6 /* StateObjectandObservedObject.swift in Sources */,
				E4554FA12AC403B000644AB6 /* EnvironmentObjectView.swift in Sources */,
			);
			runOnlyForDeploymentPostprocessing = 0;
		};
/* End PBXSourcesBuildPhase section */

/* Begin XCBuildConfiguration section */
		E4554F932AC3E9CE00644AB6 /* Debug */ = {
			isa = XCBuildConfiguration;
			buildSettings = {
				ALWAYS_SEARCH_USER_PATHS = NO;
				CLANG_ANALYZER_NONNULL = YES;
				CLANG_ANALYZER_NUMBER_OBJECT_CONVERSION = YES_AGGRESSIVE;
				CLANG_CXX_LANGUAGE_STANDARD = "gnu++20";
				CLANG_ENABLE_MODULES = YES;
				CLANG_ENABLE_OBJC_ARC = YES;
				CLANG_ENABLE_OBJC_WEAK = YES;
				CLANG_WARN_BLOCK_CAPTURE_AUTORELEASING = YES;
				CLANG_WARN_BOOL_CONVERSION = YES;
				CLANG_WARN_COMMA = YES;
				CLANG_WARN_CONSTANT_CONVERSION = YES;
				CLANG_WARN_DEPRECATED_OBJC_IMPLEMENTATIONS = YES;
				CLANG_WARN_DIRECT_OBJC_ISA_USAGE = YES_ERROR;
				CLANG_WARN_DOCUMENTATION_COMMENTS = YES;
				CLANG_WARN_EMPTY_BODY = YES;
				CLANG_WARN_ENUM_CONVERSION = YES;
				CLANG_WARN_INFINITE_RECURSION = YES;
				CLANG_WARN_INT_CONVERSION = YES;
				CLANG_WARN_NON_LITERAL_NULL_CONVERSION = YES;
				CLANG_WARN_OBJC_IMPLICIT_RETAIN_SELF = YES;
				CLANG_WARN_OBJC_LITERAL_CONVERSION = YES;
				CLANG_WARN_OBJC_ROOT_CLASS = YES_ERROR;
				CLANG_WARN_QUOTED_INCLUDE_IN_FRAMEWORK_HEADER = YES;
				CLANG_WARN_RANGE_LOOP_ANALYSIS = YES;
				CLANG_WARN_STRICT_PROTOTYPES = YES;
				CLANG_WARN_SUSPICIOUS_MOVE = YES;
				CLANG_WARN_UNGUARDED_AVAILABILITY = YES_AGGRESSIVE;
				CLANG_WARN_UNREACHABLE_CODE = YES;
				CLANG_WARN__DUPLICATE_METHOD_MATCH = YES;
				COPY_PHASE_STRIP = NO;
				DEBUG_INFORMATION_FORMAT = dwarf;
				ENABLE_STRICT_OBJC_MSGSEND = YES;
				ENABLE_TESTABILITY = YES;
				GCC_C_LANGUAGE_STANDARD = gnu11;
				GCC_DYNAMIC_NO_PIC = NO;
				GCC_NO_COMMON_BLOCKS = YES;
				GCC_OPTIMIZATION_LEVEL = 0;
				GCC_PREPROCESSOR_DEFINITIONS = (
					"DEBUG=1",
					"$(inherited)",
				);
				GCC_WARN_64_TO_32_BIT_CONVERSION = YES;
				GCC_WARN_ABOUT_RETURN_TYPE = YES_ERROR;
				GCC_WARN_UNDECLARED_SELECTOR = YES;
				GCC_WARN_UNINITIALIZED_AUTOS = YES_AGGRESSIVE;
				GCC_WARN_UNUSED_FUNCTION = YES;
				GCC_WARN_UNUSED_VARIABLE = YES;
				IPHONEOS_DEPLOYMENT_TARGET = 16.4;
				MTL_ENABLE_DEBUG_INFO = INCLUDE_SOURCE;
				MTL_FAST_MATH = YES;
				ONLY_ACTIVE_ARCH = YES;
				SDKROOT = iphoneos;
				SWIFT_ACTIVE_COMPILATION_CONDITIONS = DEBUG;
				SWIFT_OPTIMIZATION_LEVEL = "-Onone";
			};
			name = Debug;
		};
		E4554F942AC3E9CE00644AB6 /* Release */ = {
			isa = XCBuildConfiguration;
			buildSettings = {
				ALWAYS_SEARCH_USER_PATHS = NO;
				CLANG_ANALYZER_NONNULL = YES;
				CLANG_ANALYZER_NUMBER_OBJECT_CONVERSION = YES_AGGRESSIVE;
				CLANG_CXX_LANGUAGE_STANDARD = "gnu++20";
				CLANG_ENABLE_MODULES = YES;
				CLANG_ENABLE_OBJC_ARC = YES;
				CLANG_ENABLE_OBJC_WEAK = YES;
				CLANG_WARN_BLOCK_CAPTURE_AUTORELEASING = YES;
				CLANG_WARN_BOOL_CONVERSION = YES;
				CLANG_WARN_COMMA = YES;
				CLANG_WARN_CONSTANT_CONVERSION = YES;
				CLANG_WARN_DEPRECATED_OBJC_IMPLEMENTATIONS = YES;
				CLANG_WARN_DIRECT_OBJC_ISA_USAGE = YES_ERROR;
				CLANG_WARN_DOCUMENTATION_COMMENTS = YES;
				CLANG_WARN_EMPTY_BODY = YES;
				CLANG_WARN_ENUM_CONVERSION = YES;
				CLANG_WARN_INFINITE_RECURSION = YES;
				CLANG_WARN_INT_CONVERSION = YES;
				CLANG_WARN_NON_LITERAL_NULL_CONVERSION = YES;
				CLANG_WARN_OBJC_IMPLICIT_RETAIN_SELF = YES;
				CLANG_WARN_OBJC_LITERAL_CONVERSION = YES;
				CLANG_WARN_OBJC_ROOT_CLASS = YES_ERROR;
				CLANG_WARN_QUOTED_INCLUDE_IN_FRAMEWORK_HEADER = YES;
				CLANG_WARN_RANGE_LOOP_ANALYSIS = YES;
				CLANG_WARN_STRICT_PROTOTYPES = YES;
				CLANG_WARN_SUSPICIOUS_MOVE = YES;
				CLANG_WARN_UNGUARDED_AVAILABILITY = YES_AGGRESSIVE;
				CLANG_WARN_UNREACHABLE_CODE = YES;
				CLANG_WARN__DUPLICATE_METHOD_MATCH = YES;
				COPY_PHASE_STRIP = NO;
				DEBUG_INFORMATION_FORMAT = "dwarf-with-dsym";
				ENABLE_NS_ASSERTIONS = NO;
				ENABLE_STRICT_OBJC_MSGSEND = YES;
				GCC_C_LANGUAGE_STANDARD = gnu11;
				GCC_NO_COMMON_BLOCKS = YES;
				GCC_WARN_64_TO_32_BIT_CONVERSION = YES;
				GCC_WARN_ABOUT_RETURN_TYPE = YES_ERROR;
				GCC_WARN_UNDECLARED_SELECTOR = YES;
				GCC_WARN_UNINITIALIZED_AUTOS = YES_AGGRESSIVE;
				GCC_WARN_UNUSED_FUNCTION = YES;
				GCC_WARN_UNUSED_VARIABLE = YES;
				IPHONEOS_DEPLOYMENT_TARGET = 16.4;
				MTL_ENABLE_DEBUG_INFO = NO;
				MTL_FAST_MATH = YES;
				SDKROOT = iphoneos;
				SWIFT_COMPILATION_MODE = wholemodule;
				SWIFT_OPTIMIZATION_LEVEL = "-O";
				VALIDATE_PRODUCT = YES;
			};
			name = Release;
		};
		E4554F962AC3E9CE00644AB6 /* Debug */ = {
			isa = XCBuildConfiguration;
			buildSettings = {
				ASSETCATALOG_COMPILER_APPICON_NAME = AppIcon;
				ASSETCATALOG_COMPILER_GLOBAL_ACCENT_COLOR_NAME = AccentColor;
				CODE_SIGN_STYLE = Automatic;
				CURRENT_PROJECT_VERSION = 1;
				DEVELOPMENT_ASSET_PATHS = "\"ProIPhone_Ch07_SharingDataBetweenStructures/Preview Content\"";
				DEVELOPMENT_TEAM = 2N3K33KLKM;
				ENABLE_PREVIEWS = YES;
				GENERATE_INFOPLIST_FILE = YES;
				INFOPLIST_KEY_UIApplicationSceneManifest_Generation = YES;
				INFOPLIST_KEY_UIApplicationSupportsIndirectInputEvents = YES;
				INFOPLIST_KEY_UILaunchScreen_Generation = YES;
				INFOPLIST_KEY_UISupportedInterfaceOrientations_iPad = "UIInterfaceOrientationPortrait UIInterfaceOrientationPortraitUpsideDown UIInterfaceOrientationLandscapeLeft UIInterfaceOrientationLandscapeRight";
				INFOPLIST_KEY_UISupportedInterfaceOrientations_iPhone = "UIInterfaceOrientationPortrait UIInterfaceOrientationLandscapeLeft UIInterfaceOrientationLandscapeRight";
				LD_RUNPATH_SEARCH_PATHS = (
					"$(inherited)",
					"@executable_path/Frameworks",
				);
				MARKETING_VERSION = 1.0;
				PRODUCT_BUNDLE_IDENTIFIER = "edu.cascadia.mpanitz.ProIPhone-Ch07-SharingDataBetweenStructures";
				PRODUCT_NAME = "$(TARGET_NAME)";
				SWIFT_EMIT_LOC_STRINGS = YES;
				SWIFT_VERSION = 5.0;
				TARGETED_DEVICE_FAMILY = "1,2";
			};
			name = Debug;
		};
		E4554F972AC3E9CE00644AB6 /* Release */ = {
			isa = XCBuildConfiguration;
			buildSettings = {
				ASSETCATALOG_COMPILER_APPICON_NAME = AppIcon;
				ASSETCATALOG_COMPILER_GLOBAL_ACCENT_COLOR_NAME = AccentColor;
				CODE_SIGN_STYLE = Automatic;
				CURRENT_PROJECT_VERSION = 1;
				DEVELOPMENT_ASSET_PATHS = "\"ProIPhone_Ch07_SharingDataBetweenStructures/Preview Content\"";
				DEVELOPMENT_TEAM = 2N3K33KLKM;
				ENABLE_PREVIEWS = YES;
				GENERATE_INFOPLIST_FILE = YES;
				INFOPLIST_KEY_UIApplicationSceneManifest_Generation = YES;
				INFOPLIST_KEY_UIApplicationSupportsIndirectInputEvents = YES;
				INFOPLIST_KEY_UILaunchScreen_Generation = YES;
				INFOPLIST_KEY_UISupportedInterfaceOrientations_iPad = "UIInterfaceOrientationPortrait UIInterfaceOrientationPortraitUpsideDown UIInterfaceOrientationLandscapeLeft UIInterfaceOrientationLandscapeRight";
				INFOPLIST_KEY_UISupportedInterfaceOrientations_iPhone = "UIInterfaceOrientationPortrait UIInterfaceOrientationLandscapeLeft UIInterfaceOrientationLandscapeRight";
				LD_RUNPATH_SEARCH_PATHS = (
					"$(inherited)",
					"@executable_path/Frameworks",
				);
				MARKETING_VERSION = 1.0;
				PRODUCT_BUNDLE_IDENTIFIER = "edu.cascadia.mpanitz.ProIPhone-Ch07-SharingDataBetweenStructures";
				PRODUCT_NAME = "$(TARGET_NAME)";
				SWIFT_EMIT_LOC_STRINGS = YES;
				SWIFT_VERSION = 5.0;
				TARGETED_DEVICE_FAMILY = "1,2";
			};
			name = Release;
		};
/* End XCBuildConfiguration section */

/* Begin XCConfigurationList section */
		E4554F822AC3E9CA00644AB6 /* Build configuration list for PBXProject "ProIPhone_Ch07_SharingDataBetweenStructures" */ = {
			isa = XCConfigurationList;
			buildConfigurations = (
				E4554F932AC3E9CE00644AB6 /* Debug */,
				E4554F942AC3E9CE00644AB6 /* Release */,
			);
			defaultConfigurationIsVisible = 0;
			defaultConfigurationName = Release;
		};
		E4554F952AC3E9CE00644AB6 /* Build configuration list for PBXNativeTarget "ProIPhone_Ch07_SharingDataBetweenStructures" */ = {
			isa = XCConfigurationList;
			buildConfigurations = (
				E4554F962AC3E9CE00644AB6 /* Debug */,
				E4554F972AC3E9CE00644AB6 /* Release */,
			);
			defaultConfigurationIsVisible = 0;
			defaultConfigurationName = Release;
		};
/* End XCConfigurationList section */
	};
	rootObject = E4554F7F2AC3E9CA00644AB6 /* Project object */;
}
